Microsoft Visual Studio Solution File, Format Version 12.00
# Visual Studio Version 17
VisualStudioVersion = 17.5.2.0
MinimumVisualStudioVersion = 10.0.40219.1
Project("{2150E333-8FDC-42A3-9474-1A3956D46DE8}") = "ui", "ui", "{FA674B5A-3394-926C-2B1E-70E5B00E4A5C}"
EndProject
Project("{FAE04EC0-301F-11D3-BF4B-00C04F79EFBC}") = "Alfred.UI", "ui\Alfred.UI\Alfred.UI.csproj", "{CFC29AB6-A40B-E02E-375C-41254AC90BF9}"
EndProject
Global
	GlobalSection(SolutionConfigurationPlatforms) = preSolution
		Debug|Any CPU = Debug|Any CPU
		Release|Any CPU = Release|Any CPU
	EndGlobalSection
	GlobalSection(ProjectConfigurationPlatforms) = postSolution
		{CFC29AB6-A40B-E02E-375C-41254AC90BF9}.Debug|Any CPU.ActiveCfg = Debug|Any CPU
		{CFC29AB6-A40B-E02E-375C-41254AC90BF9}.Debug|Any CPU.Build.0 = Debug|Any CPU
		{CFC29AB6-A40B-E02E-375C-41254AC90BF9}.Release|Any CPU.ActiveCfg = Release|Any CPU
		{CFC29AB6-A40B-E02E-375C-41254AC90BF9}.Release|Any CPU.Build.0 = Release|Any CPU
	EndGlobalSection
	GlobalSection(SolutionProperties) = preSolution
		HideSolutionNode = FALSE
	EndGlobalSection
	GlobalSection(NestedProjects) = preSolution
		{CFC29AB6-A40B-E02E-375C-41254AC90BF9} = {FA674B5A-3394-926C-2B1E-70E5B00E4A5C}
	EndGlobalSection
	GlobalSection(ExtensibilityGlobals) = postSolution
		SolutionGuid = {2D9B8DE7-0512-4FFD-9AB3-4DDE6C11975F}
	EndGlobalSection
EndGlobal
